%{
  "benchee": {:hex, :benchee, "1.5.1", "b95cbc36c4b98969a5c592a246e171041eb683c56bad1cb4f49a3b081ba66087", [:mix], [{:deep_merge, "~> 1.0", [hex: :deep_merge, repo: "hexpm", optional: false]}, {:statistex, "~> 1.1", [hex: :statistex, repo: "hexpm", optional: false]}, {:table, "~> 0.1.0", [hex: :table, repo: "hexpm", optional: true]}], "hexpm", "a539301f8dfd4efc5c5123bfb9d47ebde20092a863a5b5b16c2a60d2243dfce7"},
  "burrito": {:hex, :burrito, "1.6.0", "7af0a75f11680e8a6e9c01370c9af51cb9d0e15b3226eddf4f438dbc68570520", [:mix], [{:jason, "~> 1.4", [hex: :jason, repo: "hexpm", optional: false]}, {:req, ">= 0.5.0", [hex: :req, repo: "hexpm", optional: false]}, {:typed_struct, "~> 0.2.0 or ~> 0.3.0", [hex: :typed_struct, repo: "hexpm", optional: false]}], "hexpm", "e636a00b032c45a69ff755d9fc53fa5fdc9e1d21bdbd229075fe4a15b05355fe"},
  "castore": {:hex, :castore, "1.0.20", "455e48f7115eca98c9f2b0e7a152b5a2e8f2a8a4f964c96e95bd31645ee5fa59", [:mix], [], "hexpm", "940eafbfd8b14bee649f083bc11b3b54ec555b54c3e4ea8213351ff6fee39c10"},
  "cc_precompiler": {:hex, :cc_precompiler, "0.1.11", "8c844d0b9fb98a3edea067f94f616b3f6b29b959b6b3bf25fee94ffe34364768", [:mix], [{:elixir_make, "~> 0.7", [hex: :elixir_make, repo: "hexpm", optional: false]}], "hexpm", "3427232caf0835f94680e5bcf082408a70b48ad68a5f5c0b02a3bea9f3a075b9"},
  "db_connection": {:hex, :db_connection, "2.10.2", "ae391e803a5adff104da913c2fc1c0c14a37f8b10001dcef568796e1fb7bf95c", [:mix], [{:telemetry, "~> 0.4 or ~> 1.0", [hex: :telemetry, repo: "hexpm", optional: false]}], "hexpm", "510b14482330f1af6490a2fa0efd8d4f1435d1529b165647df22ac0f2df0fa93"},
  "deep_merge": {:hex, :deep_merge, "1.0.2", "476aa7ea61c54de96220051b998d893869069094da65b96101aebf79416f8a1e", [:mix], [], "hexpm", "737a53cdc9758fedbb608bdc213969e65729466c4ef3cd8e8726d0335dff116c"},
  "delta_crdt": {:hex, :delta_crdt, "0.6.5", "c7bb8c2c7e60f59e46557ab4e0224f67ba22f04c02826e273738f3dcc4767adc", [:mix], [{:merkle_map, "~> 0.2.0", [hex: :merkle_map, repo: "hexpm", optional: false]}, {:telemetry, "~> 0.4 or ~> 1.0", [hex: :telemetry, repo: "hexpm", optional: false]}], "hexpm", "c6ae23a525d30f96494186dd11bf19ed9ae21d9fe2c1f1b217d492a7cc7294ae"},
  "dialyxir": {:hex, :dialyxir, "1.4.7", "dda948fcee52962e4b6c5b4b16b2d8fa7d50d8645bbae8b8685c3f9ecb7f5f4d", [:mix], [{:erlex, ">= 0.2.8", [hex: :erlex, repo: "hexpm", optional: false]}], "hexpm", "b34527202e6eb8cee198efec110996c25c5898f43a4094df157f8d28f27d9efe"},
  "elixir_make": {:hex, :elixir_make, "0.10.0", "16577e2583a79bb79237bbff349619ef5d80afffc07eac6e4faf0d00e2ddaf7d", [:mix], [], "hexpm", "dc1f09fb7fa68866b886abd5f0f3c83553b1a19a52359a899e92af1bb3b31982"},
  "erlex": {:hex, :erlex, "0.2.9", "7debbbaa9f4f368b8cd648983e0f1d7963028508e9c59e9d4ed504e94ef52a55", [:mix], [], "hexpm", "8cfffc0ec7159e6d73de2ab28a588064de80f88b2798d5cbe4482cbbc200178b"},
  "erlfdb": {:hex, :erlfdb, "0.3.4", "deb1d48160ab919cc2aec606b01e5632851f58b13c2bbbdd29a3d4fe08cfebb3", [:rebar3], [], "hexpm", "65f0e59758cc4f7a60d17bc0ef74f77df2c872d41af41860a285fd9d20fa04ad"},
  "exqlite": {:hex, :exqlite, "0.39.0", "08f8ff646e14d14bab289f4cfc61b95ffc5fe7c82d420049a480eee69ca8b292", [:make, :mix], [{:cc_precompiler, "~> 0.1", [hex: :cc_precompiler, repo: "hexpm", optional: false]}, {:db_connection, "~> 2.1", [hex: :db_connection, repo: "hexpm", optional: false]}, {:elixir_make, "~> 0.8", [hex: :elixir_make, repo: "hexpm", optional: false]}, {:table, "~> 0.1.0", [hex: :table, repo: "hexpm", optional: true]}], "hexpm", "603de0f7637adc88275fa12ccbd58954ff6000f75386e876565b49032d9aede9"},
  "finch": {:hex, :finch, "0.23.0", "e3f9287ac25a8832f848b144c2b57346aac65b205e2e0629a52adfe6507fd837", [:mix], [{:mime, "~> 1.0 or ~> 2.0", [hex: :mime, repo: "hexpm", optional: false]}, {:mint, "~> 1.8", [hex: :mint, repo: "hexpm", optional: false]}, {:nimble_options, "~> 0.4 or ~> 1.0", [hex: :nimble_options, repo: "hexpm", optional: false]}, {:nimble_pool, "~> 1.1", [hex: :nimble_pool, repo: "hexpm", optional: false]}, {:telemetry, "~> 0.4 or ~> 1.0", [hex: :telemetry, repo: "hexpm", optional: false]}], "hexpm", "80e58d3f936f57e3fdf404f83a3642897ae6d9fb642934e46da4d8fe761b99d5"},
  "horde": {:hex, :horde, "0.10.0", "31c6a633057c3ec4e73064d7b11ba409c9f3c518aa185377d76bee441b76ceb0", [:mix], [{:delta_crdt, "~> 0.6.2", [hex: :delta_crdt, repo: "hexpm", optional: false]}, {:libring, "~> 1.7", [hex: :libring, repo: "hexpm", optional: false]}, {:telemetry, "~> 0.4.0 or ~> 1.0", [hex: :telemetry, repo: "hexpm", optional: false]}, {:telemetry_poller, "~> 0.5.0 or ~> 1.0", [hex: :telemetry_poller, repo: "hexpm", optional: false]}], "hexpm", "0b51c435cb698cac9bf9c17391dce3ebb1376ae6154c81f077fc61db771b9432"},
  "hpax": {:hex, :hpax, "1.0.4", "777de5d433b0fbdc7c418159c8055910faa8047ffdb3d6b31098d2a46cd7685c", [:mix], [], "hexpm", "afc7cb142ebcc2d01ce7816190b98ce5dd49e799111b24249f3443d730f377ca"},
  "jason": {:hex, :jason, "1.4.5", "2e3a008590b0b8d7388c20293e9dcc9cf3e5d642fd2a114e4cbbb52e595d940a", [:mix], [{:decimal, "~> 1.0 or ~> 2.0 or ~> 3.0", [hex: :decimal, repo: "hexpm", optional: true]}], "hexpm", "b0c823996102bcd0239b3c2444eb00409b72f6a140c1950bc8b457d836b30684"},
  "libring": {:hex, :libring, "1.7.0", "4f245d2f1476cd7ed8f03740f6431acba815401e40299208c7f5c640e1883bda", [:mix], [], "hexpm", "070e3593cb572e04f2c8470dd0c119bc1817a7a0a7f88229f43cf0345268ec42"},
  "merkle_map": {:hex, :merkle_map, "0.2.2", "f36ff730cca1f2658e317a3c73406f50bbf5ac8aff54cf837d7ca2069a6e251c", [:mix], [], "hexpm", "383107f0503f230ac9175e0631647c424efd027e89ea65ab5ea12eeb54257aaf"},
  "mime": {:hex, :mime, "2.0.7", "b8d739037be7cd402aee1ba0306edfdef982687ee7e9859bee6198c1e7e2f128", [:mix], [], "hexpm", "6171188e399ee16023ffc5b76ce445eb6d9672e2e241d2df6050f3c771e80ccd"},
  "mint": {:hex, :mint, "1.9.3", "3337184d69179695c7a9f1714d92c11e629d36c8c037a21cf490131d3d150554", [:mix], [{:castore, "~> 0.1.0 or ~> 1.0", [hex: :castore, repo: "hexpm", optional: true]}, {:hpax, "~> 0.1.1 or ~> 0.2.0 or ~> 1.0", [hex: :hpax, repo: "hexpm", optional: false]}], "hexpm", "5f7c9342480c069dbbc4eeac3490303c9e01870ff01a7f1d29b6107054fc1e74"},
  "nimble_options": {:hex, :nimble_options, "1.1.1", "e3a492d54d85fc3fd7c5baf411d9d2852922f66e69476317787a7b2bb000a61b", [:mix], [], "hexpm", "821b2470ca9442c4b6984882fe9bb0389371b8ddec4d45a9504f00a66f650b44"},
  "nimble_pool": {:hex, :nimble_pool, "1.1.0", "bf9c29fbdcba3564a8b800d1eeb5a3c58f36e1e11d7b7fb2e084a643f645f06b", [:mix], [], "hexpm", "af2e4e6b34197db81f7aad230c1118eac993acc0dae6bc83bac0126d4ae0813a"},
  "req": {:hex, :req, "0.7.2", "364eae2e5f5c984f2dac6d71c07f8c8c89ce0bc49c4d746dacb7a306823020de", [:mix], [{:brotli, "~> 0.3.1", [hex: :brotli, repo: "hexpm", optional: true]}, {:finch, "~> 0.21", [hex: :finch, repo: "hexpm", optional: false]}, {:jason, "~> 1.0", [hex: :jason, repo: "hexpm", optional: false]}, {:mime, "~> 2.0.6 or ~> 2.1", [hex: :mime, repo: "hexpm", optional: false]}, {:nimble_csv, "~> 1.0", [hex: :nimble_csv, repo: "hexpm", optional: true]}, {:plug, "~> 1.0", [hex: :plug, repo: "hexpm", optional: true]}], "hexpm", "c9cdfa276b05d8db2a27fda5d233e6858b764d47189d76cbb186e130a871ae0b"},
  "statistex": {:hex, :statistex, "1.1.1", "73612aa7f79e53c30569be065fd121e380f1cf57bc4c2da5b41be9246da18df9", [:mix], [], "hexpm", "310c4b49b34adf683de3103639006bed233ab54c08a4add65a531448e653857c"},
  "stream_data": {:hex, :stream_data, "1.4.0", "026f929db613aabea6208012ae9b8970d3fd5f88b3bdf26831bc536f98c42036", [:mix], [], "hexpm", "2b0ee3a340dcce1c8cf6302a763ee757d1e01c54d6e16d9069062509d68b1dc9"},
  "telemetry": {:hex, :telemetry, "1.4.2", "a0cb522801dffb1c49fe6e30561badffc7b6d0e180db1300df759faa22062855", [:rebar3], [], "hexpm", "928f6495066506077862c0d1646609eed891a4326bee3126ba54b60af61febb1"},
  "telemetry_poller": {:hex, :telemetry_poller, "1.3.0", "d5c46420126b5ac2d72bc6580fb4f537d35e851cc0f8dbd571acf6d6e10f5ec7", [:rebar3], [{:telemetry, "~> 1.0", [hex: :telemetry, repo: "hexpm", optional: false]}], "hexpm", "51f18bed7128544a50f75897db9974436ea9bfba560420b646af27a9a9b35211"},
  "typed_struct": {:hex, :typed_struct, "0.3.0", "939789e3c1dca39d7170c87f729127469d1315dcf99fee8e152bb774b17e7ff7", [:mix], [], "hexpm", "c50bd5c3a61fe4e198a8504f939be3d3c85903b382bde4865579bc23111d1b6d"},
}
